
Microsoft Visual Studio Solution File, Format Version 12.00
# Visual Studio Version 17
VisualStudioVersion = 17.5.002.0
MinimumVisualStudioVersion = 10.0.40219.1
Project("{2150E333-8FDC-42A3-9474-1A3956D46DE8}") = "sample", "sample", "{4DAAAE63-0637-4861-9E75-902B435CEF00}"
EndProject
Project("{2150E333-8FDC-42A3-9474-1A3956D46DE8}") = "csharp", "csharp", "{8C06AC19-83EE-4A88-A34E-D02BE8A89BE1}"
EndProject
Project("{9A19103F-16F7-4668-BE54-9A1E7A4F7556}") = "generated", "sample\csharp\generated\generated.csproj", "{9587B31A-521D-4743-BCBA-CDD604803898}"
EndProject
Global
	GlobalSection(SolutionConfigurationPlatforms) = preSolution
		Debug|Any CPU = Debug|Any CPU
		Release|Any CPU = Release|Any CPU
	EndGlobalSection
	GlobalSection(ProjectConfigurationPlatforms) = postSolution
		{9587B31A-521D-4743-BCBA-CDD604803898}.Debug|Any CPU.ActiveCfg = Debug|Any CPU
		{9587B31A-521D-4743-BCBA-CDD604803898}.Debug|Any CPU.Build.0 = Debug|Any CPU
		{9587B31A-521D-4743-BCBA-CDD604803898}.Release|Any CPU.ActiveCfg = Release|Any CPU
		{9587B31A-521D-4743-BCBA-CDD604803898}.Release|Any CPU.Build.0 = Release|Any CPU
	EndGlobalSection
	GlobalSection(SolutionProperties) = preSolution
		HideSolutionNode = FALSE
	EndGlobalSection
	GlobalSection(NestedProjects) = preSolution
		{8C06AC19-83EE-4A88-A34E-D02BE8A89BE1} = {4DAAAE63-0637-4861-9E75-902B435CEF00}
		{9587B31A-521D-4743-BCBA-CDD604803898} = {8C06AC19-83EE-4A88-A34E-D02BE8A89BE1}
	EndGlobalSection
	GlobalSection(ExtensibilityGlobals) = postSolution
		SolutionGuid = {F53256F6-1C97-4882-B7BD-3C3AB2CA26A5}
	EndGlobalSection
EndGlobal
